
Microsoft Visual Studio Solution File, Format Version 12.00
# Visual Studio Version 17
VisualStudioVersion = 17.10.35004.147
MinimumVisualStudioVersion = 10.0.40219.1
Project("{FAE04EC0-301F-11D3-BF4B-00C04F79EFBC}") = "WpfApp1", "WpfApp1.csproj", "{7655D4A6-0C13-423E-B78A-0A28AEAF8AD7}"
EndProject
Global
	GlobalSection(SolutionConfigurationPlatforms) = preSolution
		Debug|Any CPU = Debug|Any CPU
		Release|Any CPU = Release|Any CPU
	EndGlobalSection
	GlobalSection(ProjectConfigurationPlatforms) = postSolution
		{7655D4A6-0C13-423E-B78A-0A28AEAF8AD7}.Debug|Any CPU.ActiveCfg = Debug|Any CPU
		{7655D4A6-0C13-423E-B78A-0A28AEAF8AD7}.Debug|Any CPU.Build.0 = Debug|Any CPU
		{7655D4A6-0C13-423E-B78A-0A28AEAF8AD7}.Release|Any CPU.ActiveCfg = Release|Any CPU
		{7655D4A6-0C13-423E-B78A-0A28AEAF8AD7}.Release|Any CPU.Build.0 = Release|Any CPU
	EndGlobalSection
	GlobalSection(SolutionProperties) = preSolution
		HideSolutionNode = FALSE
	EndGlobalSection
	GlobalSection(ExtensibilityGlobals) = postSolution
		SolutionGuid = {E084B954-67EF-4910-BF6B-75F0815CB9E0}
	EndGlobalSection
EndGlobal
